
Microsoft Visual Studio Solution File, Format Version 12.00
# Visual Studio Version 16
VisualStudioVersion = 16.0.29411.108
MinimumVisualStudioVersion = 10.0.40219.1
Project("{FAE04EC0-301F-11D3-BF4B-00C04F79EFBC}") = "AutomizedWorkplace", "AutomizedWorkplace\AutomizedWorkplace.csproj", "{3942524E-9366-4FC4-83FA-5501FD100610}"
EndProject
Project("{FAE04EC0-301F-11D3-BF4B-00C04F79EFBC}") = "WorkplaceDAL", "WorkplaceDAL\WorkplaceDAL.csproj", "{8C5E4F2D-0A9E-4656-9CA2-36CC82CE8DF2}"
EndProject
Project("{FAE04EC0-301F-11D3-BF4B-00C04F79EFBC}") = "WorkplaceBLL", "WorkplaceBLL\WorkplaceBLL.csproj", "{27070BB9-BF54-46B2-B4AD-A87659494CF5}"
EndProject
Global
	GlobalSection(SolutionConfigurationPlatforms) = preSolution
		Debug|Any CPU = Debug|Any CPU
		Release|Any CPU = Release|Any CPU
	EndGlobalSection
	GlobalSection(ProjectConfigurationPlatforms) = postSolution
		{3942524E-9366-4FC4-83FA-5501FD100610}.Debug|Any CPU.ActiveCfg = Debug|Any CPU
		{3942524E-9366-4FC4-83FA-5501FD100610}.Debug|Any CPU.Build.0 = Debug|Any CPU
		{3942524E-9366-4FC4-83FA-5501FD100610}.Release|Any CPU.ActiveCfg = Release|Any CPU
		{3942524E-9366-4FC4-83FA-5501FD100610}.Release|Any CPU.Build.0 = Release|Any CPU
		{8C5E4F2D-0A9E-4656-9CA2-36CC82CE8DF2}.Debug|Any CPU.ActiveCfg = Debug|Any CPU
		{8C5E4F2D-0A9E-4656-9CA2-36CC82CE8DF2}.Debug|Any CPU.Build.0 = Debug|Any CPU
		{8C5E4F2D-0A9E-4656-9CA2-36CC82CE8DF2}.Release|Any CPU.ActiveCfg = Release|Any CPU
		{8C5E4F2D-0A9E-4656-9CA2-36CC82CE8DF2}.Release|Any CPU.Build.0 = Release|Any CPU
		{27070BB9-BF54-46B2-B4AD-A87659494CF5}.Debug|Any CPU.ActiveCfg = Debug|Any CPU
		{27070BB9-BF54-46B2-B4AD-A87659494CF5}.Debug|Any CPU.Build.0 = Debug|Any CPU
		{27070BB9-BF54-46B2-B4AD-A87659494CF5}.Release|Any CPU.ActiveCfg = Release|Any CPU
		{27070BB9-BF54-46B2-B4AD-A87659494CF5}.Release|Any CPU.Build.0 = Release|Any CPU
	EndGlobalSection
	GlobalSection(SolutionProperties) = preSolution
		HideSolutionNode = FALSE
	EndGlobalSection
	GlobalSection(ExtensibilityGlobals) = postSolution
		SolutionGuid = {E68284F6-9A24-41AD-BCAA-8EE201113700}
	EndGlobalSection
EndGlobal
